
Microsoft Visual Studio Solution File, Format Version 12.00
# Visual Studio Version 17
VisualStudioVersion = 17.11.35208.52
MinimumVisualStudioVersion = 10.0.40219.1
Project("{FAE04EC0-301F-11D3-BF4B-00C04F79EFBC}") = "ls5_orm_dapp", "ls5_orm_dapp\ls5_orm_dapp.csproj", "{A2DD915E-7EE1-4F84-82F1-EE26FB404573}"
EndProject
Global
	GlobalSection(SolutionConfigurationPlatforms) = preSolution
		Debug|Any CPU = Debug|Any CPU
		Release|Any CPU = Release|Any CPU
	EndGlobalSection
	GlobalSection(ProjectConfigurationPlatforms) = postSolution
		{A2DD915E-7EE1-4F84-82F1-EE26FB404573}.Debug|Any CPU.ActiveCfg = Debug|Any CPU
		{A2DD915E-7EE1-4F84-82F1-EE26FB404573}.Debug|Any CPU.Build.0 = Debug|Any CPU
		{A2DD915E-7EE1-4F84-82F1-EE26FB404573}.Release|Any CPU.ActiveCfg = Release|Any CPU
		{A2DD915E-7EE1-4F84-82F1-EE26FB404573}.Release|Any CPU.Build.0 = Release|Any CPU
	EndGlobalSection
	GlobalSection(SolutionProperties) = preSolution
		HideSolutionNode = FALSE
	EndGlobalSection
	GlobalSection(ExtensibilityGlobals) = postSolution
		SolutionGuid = {164443AB-9EDF-4292-B5E7-471D03C2DCFB}
	EndGlobalSection
EndGlobal
